<?xml version="1.0" encoding="utf-8"?>
<Project ToolsVersion="4.0" xmlns="http://schemas.microsoft.com/developer/msbuild/2003">
  <ItemGroup>
    <Filter Include="源文件">
      <UniqueIdentifier>{4FC737F1-C7A5-4376-A066-2A32D752A2FF}</UniqueIdentifier>
      <Extensions>cpp;c;cc;cxx;def;odl;idl;hpj;bat;asm;asmx</Extensions>
    </Filter>
    <Filter Include="头文件">
      <UniqueIdentifier>{93995380-89BD-4b04-88EB-625FBE52EBFB}</UniqueIdentifier>
      <Extensions>h;hh;hpp;hxx;hm;inl;inc;ipp;xsd</Extensions>
    </Filter>
    <Filter Include="资源文件">
      <UniqueIdentifier>{67DA6AB6-F800-4c08-8B7A-83BB121AAD01}</UniqueIdentifier>
      <Extensions>rc;ico;cur;bmp;dlg;rc2;rct;bin;rgs;gif;jpg;jpeg;jpe;resx;tiff;tif;png;wav;mfcribbon-ms</Extensions>
    </Filter>
    <Filter Include="头文件\libTh10Ai">
      <UniqueIdentifier>{7794c356-1e0a-4ac7-bc77-bc8eb4029fea}</UniqueIdentifier>
    </Filter>
    <Filter Include="源文件\libTh10Ai">
      <UniqueIdentifier>{a361e8ab-5aec-4181-9503-ebd49a9c8bc8}</UniqueIdentifier>
    </Filter>
    <Filter Include="头文件\libTh10Ai\Util">
      <UniqueIdentifier>{5002883c-85ea-4f90-aa7b-1fdc467020f7}</UniqueIdentifier>
    </Filter>
    <Filter Include="源文件\libTh10Ai\Util">
      <UniqueIdentifier>{3c9d079a-65d9-42c0-a492-14d0869fa3b6}</UniqueIdentifier>
    </Filter>
  </ItemGroup>
  <ItemGroup>
    <None Include="libTh10Ai.def">
      <Filter>资源文件</Filter>
    </None>
  </ItemGroup>
  <ItemGroup>
    <ClInclude Include="include\libTh10Ai\Common.h">
      <Filter>头文件\libTh10Ai</Filter>
    </ClInclude>
    <ClInclude Include="include\libTh10Ai\Data.h">
      <Filter>头文件\libTh10Ai</Filter>
    </ClInclude>
    <ClInclude Include="include\libTh10Ai\Direction.h">
      <Filter>头文件\libTh10Ai</Filter>
    </ClInclude>
    <ClInclude Include="include\libTh10Ai\DllMain.h">
      <Filter>头文件\libTh10Ai</Filter>
    </ClInclude>
    <ClInclude Include="include\libTh10Ai\HookMain.h">
      <Filter>头文件\libTh10Ai</Filter>
    </ClInclude>
    <ClInclude Include="include\libTh10Ai\HookThread.h">
      <Filter>头文件\libTh10Ai</Filter>
    </ClInclude>
    <ClInclude Include="include\libTh10Ai\Mover.h">
      <Filter>头文件\libTh10Ai</Filter>
    </ClInclude>
    <ClInclude Include="include\libTh10Ai\Path.h">
      <Filter>头文件\libTh10Ai</Filter>
    </ClInclude>
    <ClInclude Include="include\libTh10Ai\Scene.h">
      <Filter>头文件\libTh10Ai</Filter>
    </ClInclude>
    <ClInclude Include="include\libTh10Ai\Util\D3D9Hook.h">
      <Filter>头文件\libTh10Ai\Util</Filter>
    </ClInclude>
    <ClInclude Include="include\libTh10Ai\Util\DI8Hook.h">
      <Filter>头文件\libTh10Ai\Util</Filter>
    </ClInclude>
    <ClInclude Include="include\libTh10Ai\Bullet.h">
      <Filter>头文件\libTh10Ai</Filter>
    </ClInclude>
    <ClInclude Include="include\libTh10Ai\Enemy.h">
      <Filter>头文件\libTh10Ai</Filter>
    </ClInclude>
    <ClInclude Include="include\libTh10Ai\Entity.h">
      <Filter>头文件\libTh10Ai</Filter>
    </ClInclude>
    <ClInclude Include="include\libTh10Ai\Item.h">
      <Filter>头文件\libTh10Ai</Filter>
    </ClInclude>
    <ClInclude Include="include\libTh10Ai\Laser.h">
      <Filter>头文件\libTh10Ai</Filter>
    </ClInclude>
    <ClInclude Include="include\libTh10Ai\Player.h">
      <Filter>头文件\libTh10Ai</Filter>
    </ClInclude>
    <ClInclude Include="include\libTh10Ai\Reader.h">
      <Filter>头文件\libTh10Ai</Filter>
    </ClInclude>
    <ClInclude Include="include\libTh10Ai\Cell.h">
      <Filter>头文件\libTh10Ai</Filter>
    </ClInclude>
    <ClInclude Include="include\libTh10Ai\Th10Ai.h">
      <Filter>头文件\libTh10Ai</Filter>
    </ClInclude>
  </ItemGroup>
  <ItemGroup>
    <ClCompile Include="src\libTh10Ai\Data.cpp">
      <Filter>源文件\libTh10Ai</Filter>
    </ClCompile>
    <ClCompile Include="src\libTh10Ai\DllMain.cpp">
      <Filter>源文件\libTh10Ai</Filter>
    </ClCompile>
    <ClCompile Include="src\libTh10Ai\HookMain.cpp">
      <Filter>源文件\libTh10Ai</Filter>
    </ClCompile>
    <ClCompile Include="src\libTh10Ai\HookThread.cpp">
      <Filter>源文件\libTh10Ai</Filter>
    </ClCompile>
    <ClCompile Include="src\libTh10Ai\Mover.cpp">
      <Filter>源文件\libTh10Ai</Filter>
    </ClCompile>
    <ClCompile Include="src\libTh10Ai\Path.cpp">
      <Filter>源文件\libTh10Ai</Filter>
    </ClCompile>
    <ClCompile Include="src\libTh10Ai\Scene.cpp">
      <Filter>源文件\libTh10Ai</Filter>
    </ClCompile>
    <ClCompile Include="src\libTh10Ai\Util\D3D9Hook.cpp">
      <Filter>源文件\libTh10Ai\Util</Filter>
    </ClCompile>
    <ClCompile Include="src\libTh10Ai\Util\DI8Hook.cpp">
      <Filter>源文件\libTh10Ai\Util</Filter>
    </ClCompile>
    <ClCompile Include="src\libTh10Ai\Bullet.cpp">
      <Filter>源文件\libTh10Ai</Filter>
    </ClCompile>
    <ClCompile Include="src\libTh10Ai\Enemy.cpp">
      <Filter>源文件\libTh10Ai</Filter>
    </ClCompile>
    <ClCompile Include="src\libTh10Ai\Entity.cpp">
      <Filter>源文件\libTh10Ai</Filter>
    </ClCompile>
    <ClCompile Include="src\libTh10Ai\Item.cpp">
      <Filter>源文件\libTh10Ai</Filter>
    </ClCompile>
    <ClCompile Include="src\libTh10Ai\Laser.cpp">
      <Filter>源文件\libTh10Ai</Filter>
    </ClCompile>
    <ClCompile Include="src\libTh10Ai\Player.cpp">
      <Filter>源文件\libTh10Ai</Filter>
    </ClCompile>
    <ClCompile Include="src\libTh10Ai\Reader.cpp">
      <Filter>源文件\libTh10Ai</Filter>
    </ClCompile>
    <ClCompile Include="src\libTh10Ai\Cell.cpp">
      <Filter>源文件\libTh10Ai</Filter>
    </ClCompile>
    <ClCompile Include="src\libTh10Ai\Th10Ai.cpp">
      <Filter>源文件\libTh10Ai</Filter>
    </ClCompile>
  </ItemGroup>
</Project>