<?xml version="1.0" encoding="utf-8"?>
<Project ToolsVersion="4.0" xmlns="http://schemas.microsoft.com/developer/msbuild/2003">
  <ItemGroup>
    <Filter Include="源文件">
      <UniqueIdentifier>{4FC737F1-C7A5-4376-A066-2A32D752A2FF}</UniqueIdentifier>
      <Extensions>cpp;c;cc;cxx;c++;cppm;ixx;def;odl;idl;hpj;bat;asm;asmx</Extensions>
    </Filter>
    <Filter Include="头文件">
      <UniqueIdentifier>{93995380-89BD-4b04-88EB-625FBE52EBFB}</UniqueIdentifier>
      <Extensions>h;hh;hpp;hxx;h++;hm;inl;inc;ipp;xsd</Extensions>
    </Filter>
    <Filter Include="资源文件">
      <UniqueIdentifier>{67DA6AB6-F800-4c08-8B7A-83BB121AAD01}</UniqueIdentifier>
      <Extensions>rc;ico;cur;bmp;dlg;rc2;rct;bin;rgs;gif;jpg;jpeg;jpe;resx;tiff;tif;png;wav;mfcribbon-ms</Extensions>
    </Filter>
    <Filter Include="头文件\BaseDll">
      <UniqueIdentifier>{1f159390-e11a-4119-b34d-621ff6679a6b}</UniqueIdentifier>
    </Filter>
    <Filter Include="头文件\BaseDll\Windows">
      <UniqueIdentifier>{c09c99f1-521e-4413-b05f-c0a16f441a4b}</UniqueIdentifier>
    </Filter>
    <Filter Include="源文件\BaseDll">
      <UniqueIdentifier>{5c1467ab-b73c-4e6d-95d2-2ea7c98b4fa7}</UniqueIdentifier>
    </Filter>
    <Filter Include="源文件\BaseDll\Windows">
      <UniqueIdentifier>{781bf7b3-68b5-4cd7-9c66-d86c97d12a3b}</UniqueIdentifier>
    </Filter>
  </ItemGroup>
  <ItemGroup>
    <ClInclude Include="include\BaseDll\Windows\Common.h">
      <Filter>头文件\BaseDll\Windows</Filter>
    </ClInclude>
    <ClInclude Include="include\BaseDll\Common.h">
      <Filter>头文件\BaseDll</Filter>
    </ClInclude>
  </ItemGroup>
  <ItemGroup>
    <ClCompile Include="src\BaseDll\Windows\DllMain.cpp">
      <Filter>源文件\BaseDll\Windows</Filter>
    </ClCompile>
  </ItemGroup>
</Project>