
Microsoft Visual Studio Solution File, Format Version 12.00
# Visual Studio Version 17
VisualStudioVersion = 17.4.33122.133
MinimumVisualStudioVersion = 10.0.40219.1
Project("{8BC9CEB8-8B4A-11D0-8D11-00A0C91BC942}") = "Base", "Base\Base.vcxproj", "{A5277CAA-A372-4808-B01B-EF0C7B0B343C}"
EndProject
Project("{2150E333-8FDC-42A3-9474-1A3956D46DE8}") = "Solution Items", "Solution Items", "{2AE0294D-A3E5-4DC9-A16E-7AEEB4148175}"
	ProjectSection(SolutionItems) = preProject
		.editorconfig = .editorconfig
	EndProjectSection
EndProject
Project("{8BC9CEB8-8B4A-11D0-8D11-00A0C91BC942}") = "Th10Base", "Th10Base\Th10Base.vcxproj", "{F7A7A787-9D2C-4CE9-9388-A689315599E4}"
EndProject
Project("{8BC9CEB8-8B4A-11D0-8D11-00A0C91BC942}") = "Th10Hook", "Th10Hook\Th10Hook.vcxproj", "{347EA896-5E0E-48E0-B97A-B6E4FFF93707}"
EndProject
Project("{8BC9CEB8-8B4A-11D0-8D11-00A0C91BC942}") = "Th10Ai", "Th10Ai\Th10Ai.vcxproj", "{D6DE18DC-8268-44D3-825A-98E69CDFFDC1}"
EndProject
Global
	GlobalSection(SolutionConfigurationPlatforms) = preSolution
		Debug|x64 = Debug|x64
		Debug|x86 = Debug|x86
		Release|x64 = Release|x64
		Release|x86 = Release|x86
	EndGlobalSection
	GlobalSection(ProjectConfigurationPlatforms) = postSolution
		{A5277CAA-A372-4808-B01B-EF0C7B0B343C}.Debug|x64.ActiveCfg = Debug|x64
		{A5277CAA-A372-4808-B01B-EF0C7B0B343C}.Debug|x64.Build.0 = Debug|x64
		{A5277CAA-A372-4808-B01B-EF0C7B0B343C}.Debug|x86.ActiveCfg = Debug|Win32
		{A5277CAA-A372-4808-B01B-EF0C7B0B343C}.Debug|x86.Build.0 = Debug|Win32
		{A5277CAA-A372-4808-B01B-EF0C7B0B343C}.Release|x64.ActiveCfg = Release|x64
		{A5277CAA-A372-4808-B01B-EF0C7B0B343C}.Release|x64.Build.0 = Release|x64
		{A5277CAA-A372-4808-B01B-EF0C7B0B343C}.Release|x86.ActiveCfg = Release|Win32
		{A5277CAA-A372-4808-B01B-EF0C7B0B343C}.Release|x86.Build.0 = Release|Win32
		{F7A7A787-9D2C-4CE9-9388-A689315599E4}.Debug|x64.ActiveCfg = Debug|x64
		{F7A7A787-9D2C-4CE9-9388-A689315599E4}.Debug|x64.Build.0 = Debug|x64
		{F7A7A787-9D2C-4CE9-9388-A689315599E4}.Debug|x86.ActiveCfg = Debug|Win32
		{F7A7A787-9D2C-4CE9-9388-A689315599E4}.Debug|x86.Build.0 = Debug|Win32
		{F7A7A787-9D2C-4CE9-9388-A689315599E4}.Release|x64.ActiveCfg = Release|x64
		{F7A7A787-9D2C-4CE9-9388-A689315599E4}.Release|x64.Build.0 = Release|x64
		{F7A7A787-9D2C-4CE9-9388-A689315599E4}.Release|x86.ActiveCfg = Release|Win32
		{F7A7A787-9D2C-4CE9-9388-A689315599E4}.Release|x86.Build.0 = Release|Win32
		{347EA896-5E0E-48E0-B97A-B6E4FFF93707}.Debug|x64.ActiveCfg = Debug|x64
		{347EA896-5E0E-48E0-B97A-B6E4FFF93707}.Debug|x64.Build.0 = Debug|x64
		{347EA896-5E0E-48E0-B97A-B6E4FFF93707}.Debug|x86.ActiveCfg = Debug|Win32
		{347EA896-5E0E-48E0-B97A-B6E4FFF93707}.Debug|x86.Build.0 = Debug|Win32
		{347EA896-5E0E-48E0-B97A-B6E4FFF93707}.Release|x64.ActiveCfg = Release|x64
		{347EA896-5E0E-48E0-B97A-B6E4FFF93707}.Release|x64.Build.0 = Release|x64
		{347EA896-5E0E-48E0-B97A-B6E4FFF93707}.Release|x86.ActiveCfg = Release|Win32
		{347EA896-5E0E-48E0-B97A-B6E4FFF93707}.Release|x86.Build.0 = Release|Win32
		{D6DE18DC-8268-44D3-825A-98E69CDFFDC1}.Debug|x64.ActiveCfg = Debug|x64
		{D6DE18DC-8268-44D3-825A-98E69CDFFDC1}.Debug|x64.Build.0 = Debug|x64
		{D6DE18DC-8268-44D3-825A-98E69CDFFDC1}.Debug|x86.ActiveCfg = Debug|Win32
		{D6DE18DC-8268-44D3-825A-98E69CDFFDC1}.Debug|x86.Build.0 = Debug|Win32
		{D6DE18DC-8268-44D3-825A-98E69CDFFDC1}.Release|x64.ActiveCfg = Release|x64
		{D6DE18DC-8268-44D3-825A-98E69CDFFDC1}.Release|x64.Build.0 = Release|x64
		{D6DE18DC-8268-44D3-825A-98E69CDFFDC1}.Release|x86.ActiveCfg = Release|Win32
		{D6DE18DC-8268-44D3-825A-98E69CDFFDC1}.Release|x86.Build.0 = Release|Win32
	EndGlobalSection
	GlobalSection(SolutionProperties) = preSolution
		HideSolutionNode = FALSE
	EndGlobalSection
	GlobalSection(ExtensibilityGlobals) = postSolution
		SolutionGuid = {AA161484-E4E8-4252-8B3F-E1991C279CF4}
	EndGlobalSection
EndGlobal
