
Microsoft Visual Studio Solution File, Format Version 12.00
# Visual Studio 15
VisualStudioVersion = 15.0.28307.168
MinimumVisualStudioVersion = 10.0.40219.1
Project("{8BC9CEB8-8B4A-11D0-8D11-00A0C91BC942}") = "TH10Bot", "TH10Bot\TH10Bot.vcxproj", "{2784496A-F229-4EC8-9DB1-E1221D935CE7}"
	ProjectSection(ProjectDependencies) = postProject
		{8E60C47C-6FAF-4851-B499-F74CEA158D48} = {8E60C47C-6FAF-4851-B499-F74CEA158D48}
		{B8FC8BAA-EFDE-4EF1-828F-4CFE1D2A04C2} = {B8FC8BAA-EFDE-4EF1-828F-4CFE1D2A04C2}
		{419AA4D1-7D85-47FD-BB3C-C99D75A234D8} = {419AA4D1-7D85-47FD-BB3C-C99D75A234D8}
	EndProjectSection
EndProject
Project("{8BC9CEB8-8B4A-11D0-8D11-00A0C91BC942}") = "Base", "Base\Base.vcxproj", "{B8FC8BAA-EFDE-4EF1-828F-4CFE1D2A04C2}"
EndProject
Project("{8BC9CEB8-8B4A-11D0-8D11-00A0C91BC942}") = "GraphHook", "GraphHook\GraphHook.vcxproj", "{419AA4D1-7D85-47FD-BB3C-C99D75A234D8}"
	ProjectSection(ProjectDependencies) = postProject
		{B8FC8BAA-EFDE-4EF1-828F-4CFE1D2A04C2} = {B8FC8BAA-EFDE-4EF1-828F-4CFE1D2A04C2}
	EndProjectSection
EndProject
Project("{8BC9CEB8-8B4A-11D0-8D11-00A0C91BC942}") = "GraphCap", "GraphCap\GraphCap.vcxproj", "{8E60C47C-6FAF-4851-B499-F74CEA158D48}"
	ProjectSection(ProjectDependencies) = postProject
		{B8FC8BAA-EFDE-4EF1-828F-4CFE1D2A04C2} = {B8FC8BAA-EFDE-4EF1-828F-4CFE1D2A04C2}
	EndProjectSection
EndProject
Project("{8BC9CEB8-8B4A-11D0-8D11-00A0C91BC942}") = "TH10AI", "TH10AI\TH10AI.vcxproj", "{534016B9-FDC7-44FF-AF70-16CD8467BD2D}"
	ProjectSection(ProjectDependencies) = postProject
		{DC6C4B81-B19B-4589-8510-14A7A4E7C34F} = {DC6C4B81-B19B-4589-8510-14A7A4E7C34F}
		{B8FC8BAA-EFDE-4EF1-828F-4CFE1D2A04C2} = {B8FC8BAA-EFDE-4EF1-828F-4CFE1D2A04C2}
	EndProjectSection
EndProject
Project("{8BC9CEB8-8B4A-11D0-8D11-00A0C91BC942}") = "libTH10AI", "libTH10AI\libTH10AI.vcxproj", "{DC6C4B81-B19B-4589-8510-14A7A4E7C34F}"
	ProjectSection(ProjectDependencies) = postProject
		{B8FC8BAA-EFDE-4EF1-828F-4CFE1D2A04C2} = {B8FC8BAA-EFDE-4EF1-828F-4CFE1D2A04C2}
	EndProjectSection
EndProject
Global
	GlobalSection(SolutionConfigurationPlatforms) = preSolution
		Debug|x86 = Debug|x86
		Release|x86 = Release|x86
	EndGlobalSection
	GlobalSection(ProjectConfigurationPlatforms) = postSolution
		{2784496A-F229-4EC8-9DB1-E1221D935CE7}.Debug|x86.ActiveCfg = Debug|Win32
		{2784496A-F229-4EC8-9DB1-E1221D935CE7}.Debug|x86.Build.0 = Debug|Win32
		{2784496A-F229-4EC8-9DB1-E1221D935CE7}.Release|x86.ActiveCfg = Release|Win32
		{2784496A-F229-4EC8-9DB1-E1221D935CE7}.Release|x86.Build.0 = Release|Win32
		{B8FC8BAA-EFDE-4EF1-828F-4CFE1D2A04C2}.Debug|x86.ActiveCfg = Debug|Win32
		{B8FC8BAA-EFDE-4EF1-828F-4CFE1D2A04C2}.Debug|x86.Build.0 = Debug|Win32
		{B8FC8BAA-EFDE-4EF1-828F-4CFE1D2A04C2}.Release|x86.ActiveCfg = Release|Win32
		{B8FC8BAA-EFDE-4EF1-828F-4CFE1D2A04C2}.Release|x86.Build.0 = Release|Win32
		{419AA4D1-7D85-47FD-BB3C-C99D75A234D8}.Debug|x86.ActiveCfg = Debug|Win32
		{419AA4D1-7D85-47FD-BB3C-C99D75A234D8}.Debug|x86.Build.0 = Debug|Win32
		{419AA4D1-7D85-47FD-BB3C-C99D75A234D8}.Release|x86.ActiveCfg = Release|Win32
		{419AA4D1-7D85-47FD-BB3C-C99D75A234D8}.Release|x86.Build.0 = Release|Win32
		{8E60C47C-6FAF-4851-B499-F74CEA158D48}.Debug|x86.ActiveCfg = Debug|Win32
		{8E60C47C-6FAF-4851-B499-F74CEA158D48}.Debug|x86.Build.0 = Debug|Win32
		{8E60C47C-6FAF-4851-B499-F74CEA158D48}.Release|x86.ActiveCfg = Release|Win32
		{8E60C47C-6FAF-4851-B499-F74CEA158D48}.Release|x86.Build.0 = Release|Win32
		{534016B9-FDC7-44FF-AF70-16CD8467BD2D}.Debug|x86.ActiveCfg = Debug|Win32
		{534016B9-FDC7-44FF-AF70-16CD8467BD2D}.Debug|x86.Build.0 = Debug|Win32
		{534016B9-FDC7-44FF-AF70-16CD8467BD2D}.Release|x86.ActiveCfg = Release|Win32
		{534016B9-FDC7-44FF-AF70-16CD8467BD2D}.Release|x86.Build.0 = Release|Win32
		{DC6C4B81-B19B-4589-8510-14A7A4E7C34F}.Debug|x86.ActiveCfg = Debug|Win32
		{DC6C4B81-B19B-4589-8510-14A7A4E7C34F}.Debug|x86.Build.0 = Debug|Win32
		{DC6C4B81-B19B-4589-8510-14A7A4E7C34F}.Release|x86.ActiveCfg = Release|Win32
		{DC6C4B81-B19B-4589-8510-14A7A4E7C34F}.Release|x86.Build.0 = Release|Win32
	EndGlobalSection
	GlobalSection(SolutionProperties) = preSolution
		HideSolutionNode = FALSE
	EndGlobalSection
	GlobalSection(ExtensibilityGlobals) = postSolution
		SolutionGuid = {53EEEE6B-92D2-497D-8681-F812B806EDF2}
	EndGlobalSection
EndGlobal
