<?xml version="1.0" encoding="utf-8"?>
<Project ToolsVersion="4.0" xmlns="http://schemas.microsoft.com/developer/msbuild/2003">
  <ItemGroup>
    <Filter Include="源文件">
      <UniqueIdentifier>{4FC737F1-C7A5-4376-A066-2A32D752A2FF}</UniqueIdentifier>
      <Extensions>cpp;c;cc;cxx;def;odl;idl;hpj;bat;asm;asmx</Extensions>
    </Filter>
    <Filter Include="头文件">
      <UniqueIdentifier>{93995380-89BD-4b04-88EB-625FBE52EBFB}</UniqueIdentifier>
      <Extensions>h;hh;hpp;hxx;hm;inl;inc;ipp;xsd</Extensions>
    </Filter>
    <Filter Include="资源文件">
      <UniqueIdentifier>{67DA6AB6-F800-4c08-8B7A-83BB121AAD01}</UniqueIdentifier>
      <Extensions>rc;ico;cur;bmp;dlg;rc2;rct;bin;rgs;gif;jpg;jpeg;jpe;resx;tiff;tif;png;wav;mfcribbon-ms</Extensions>
    </Filter>
    <Filter Include="头文件\Th10Ai">
      <UniqueIdentifier>{9251f215-19da-49a0-9515-398d6798943d}</UniqueIdentifier>
    </Filter>
    <Filter Include="源文件\Th10Ai">
      <UniqueIdentifier>{b7cc11a3-8b6b-48ab-865d-695fc106da40}</UniqueIdentifier>
    </Filter>
  </ItemGroup>
  <ItemGroup>
    <ClInclude Include="include\Th10Ai\Common.h">
      <Filter>头文件\Th10Ai</Filter>
    </ClInclude>
    <ClInclude Include="include\Th10Ai\DllInject.h">
      <Filter>头文件\Th10Ai</Filter>
    </ClInclude>
    <ClInclude Include="include\Th10Ai\MyApp.h">
      <Filter>头文件\Th10Ai</Filter>
    </ClInclude>
    <ClInclude Include="include\Th10Ai\MyFrame.h">
      <Filter>头文件\Th10Ai</Filter>
    </ClInclude>
    <ClInclude Include="include\Th10Ai\Status.h">
      <Filter>头文件\Th10Ai</Filter>
    </ClInclude>
    <ClInclude Include="include\Th10Ai\Action.h">
      <Filter>头文件\Th10Ai</Filter>
    </ClInclude>
    <ClInclude Include="include\Th10Ai\Th10Context.h">
      <Filter>头文件\Th10Ai</Filter>
    </ClInclude>
    <ClInclude Include="include\Th10Ai\Bullet.h">
      <Filter>头文件\Th10Ai</Filter>
    </ClInclude>
    <ClInclude Include="include\Th10Ai\Cell.h">
      <Filter>头文件\Th10Ai</Filter>
    </ClInclude>
    <ClInclude Include="include\Th10Ai\Data.h">
      <Filter>头文件\Th10Ai</Filter>
    </ClInclude>
    <ClInclude Include="include\Th10Ai\Direction.h">
      <Filter>头文件\Th10Ai</Filter>
    </ClInclude>
    <ClInclude Include="include\Th10Ai\Enemy.h">
      <Filter>头文件\Th10Ai</Filter>
    </ClInclude>
    <ClInclude Include="include\Th10Ai\Entity.h">
      <Filter>头文件\Th10Ai</Filter>
    </ClInclude>
    <ClInclude Include="include\Th10Ai\Item.h">
      <Filter>头文件\Th10Ai</Filter>
    </ClInclude>
    <ClInclude Include="include\Th10Ai\Laser.h">
      <Filter>头文件\Th10Ai</Filter>
    </ClInclude>
    <ClInclude Include="include\Th10Ai\Path.h">
      <Filter>头文件\Th10Ai</Filter>
    </ClInclude>
    <ClInclude Include="include\Th10Ai\Player.h">
      <Filter>头文件\Th10Ai</Filter>
    </ClInclude>
    <ClInclude Include="include\Th10Ai\Scene.h">
      <Filter>头文件\Th10Ai</Filter>
    </ClInclude>
    <ClInclude Include="include\Th10Ai\Th10Ai.h">
      <Filter>头文件\Th10Ai</Filter>
    </ClInclude>
    <ClInclude Include="include\Th10Ai\Utils.h">
      <Filter>头文件\Th10Ai</Filter>
    </ClInclude>
    <ClInclude Include="include\Th10Ai\MyWindow.h">
      <Filter>头文件\Th10Ai</Filter>
    </ClInclude>
  </ItemGroup>
  <ItemGroup>
    <ClCompile Include="src\Th10Ai\DllInject.cpp">
      <Filter>源文件\Th10Ai</Filter>
    </ClCompile>
    <ClCompile Include="src\Th10Ai\MyApp.cpp">
      <Filter>源文件\Th10Ai</Filter>
    </ClCompile>
    <ClCompile Include="src\Th10Ai\MyFrame.cpp">
      <Filter>源文件\Th10Ai</Filter>
    </ClCompile>
    <ClCompile Include="src\Th10Ai\Th10Context.cpp">
      <Filter>源文件\Th10Ai</Filter>
    </ClCompile>
    <ClCompile Include="src\Th10Ai\Bullet.cpp">
      <Filter>源文件\Th10Ai</Filter>
    </ClCompile>
    <ClCompile Include="src\Th10Ai\Cell.cpp">
      <Filter>源文件\Th10Ai</Filter>
    </ClCompile>
    <ClCompile Include="src\Th10Ai\Data.cpp">
      <Filter>源文件\Th10Ai</Filter>
    </ClCompile>
    <ClCompile Include="src\Th10Ai\Enemy.cpp">
      <Filter>源文件\Th10Ai</Filter>
    </ClCompile>
    <ClCompile Include="src\Th10Ai\Entity.cpp">
      <Filter>源文件\Th10Ai</Filter>
    </ClCompile>
    <ClCompile Include="src\Th10Ai\Item.cpp">
      <Filter>源文件\Th10Ai</Filter>
    </ClCompile>
    <ClCompile Include="src\Th10Ai\Laser.cpp">
      <Filter>源文件\Th10Ai</Filter>
    </ClCompile>
    <ClCompile Include="src\Th10Ai\Path.cpp">
      <Filter>源文件\Th10Ai</Filter>
    </ClCompile>
    <ClCompile Include="src\Th10Ai\Player.cpp">
      <Filter>源文件\Th10Ai</Filter>
    </ClCompile>
    <ClCompile Include="src\Th10Ai\Scene.cpp">
      <Filter>源文件\Th10Ai</Filter>
    </ClCompile>
    <ClCompile Include="src\Th10Ai\Th10Ai.cpp">
      <Filter>源文件\Th10Ai</Filter>
    </ClCompile>
    <ClCompile Include="src\Th10Ai\Utils.cpp">
      <Filter>源文件\Th10Ai</Filter>
    </ClCompile>
    <ClCompile Include="src\Th10Ai\MyWindow.cpp">
      <Filter>源文件\Th10Ai</Filter>
    </ClCompile>
  </ItemGroup>
</Project>