<?xml version="1.0" encoding="utf-8"?>
<Project ToolsVersion="4.0" xmlns="http://schemas.microsoft.com/developer/msbuild/2003">
  <ItemGroup>
    <Filter Include="源文件">
      <UniqueIdentifier>{4FC737F1-C7A5-4376-A066-2A32D752A2FF}</UniqueIdentifier>
      <Extensions>cpp;c;cc;cxx;c++;cppm;ixx;def;odl;idl;hpj;bat;asm;asmx</Extensions>
    </Filter>
    <Filter Include="头文件">
      <UniqueIdentifier>{93995380-89BD-4b04-88EB-625FBE52EBFB}</UniqueIdentifier>
      <Extensions>h;hh;hpp;hxx;h++;hm;inl;inc;ipp;xsd</Extensions>
    </Filter>
    <Filter Include="资源文件">
      <UniqueIdentifier>{67DA6AB6-F800-4c08-8B7A-83BB121AAD01}</UniqueIdentifier>
      <Extensions>rc;ico;cur;bmp;dlg;rc2;rct;bin;rgs;gif;jpg;jpeg;jpe;resx;tiff;tif;png;wav;mfcribbon-ms</Extensions>
    </Filter>
    <Filter Include="头文件\Th10Ai">
      <UniqueIdentifier>{a797c5e3-4c11-4e36-b0ac-0ce97edb1c05}</UniqueIdentifier>
    </Filter>
    <Filter Include="源文件\Th10Ai">
      <UniqueIdentifier>{d78714d9-b68b-4afe-85eb-a00904656463}</UniqueIdentifier>
    </Filter>
  </ItemGroup>
  <ItemGroup>
    <ClCompile Include="src\Th10Ai\Main.cpp">
      <Filter>源文件\Th10Ai</Filter>
    </ClCompile>
    <ClCompile Include="src\Th10Ai\Path.cpp">
      <Filter>源文件\Th10Ai</Filter>
    </ClCompile>
    <ClCompile Include="src\Th10Ai\Region.cpp">
      <Filter>源文件\Th10Ai</Filter>
    </ClCompile>
    <ClCompile Include="src\Th10Ai\Scene.cpp">
      <Filter>源文件\Th10Ai</Filter>
    </ClCompile>
    <ClCompile Include="src\Th10Ai\Th10Ai.cpp">
      <Filter>源文件\Th10Ai</Filter>
    </ClCompile>
    <ClCompile Include="src\Th10Ai\DllInject.cpp">
      <Filter>源文件\Th10Ai</Filter>
    </ClCompile>
    <ClCompile Include="src\Th10Ai\Status.cpp">
      <Filter>源文件\Th10Ai</Filter>
    </ClCompile>
    <ClCompile Include="src\Th10Ai\Th10Hook.cpp">
      <Filter>源文件\Th10Ai</Filter>
    </ClCompile>
    <ClCompile Include="src\Th10Ai\Config.cpp">
      <Filter>源文件\Th10Ai</Filter>
    </ClCompile>
  </ItemGroup>
  <ItemGroup>
    <ClInclude Include="include\Th10Ai\Common.h">
      <Filter>头文件\Th10Ai</Filter>
    </ClInclude>
    <ClInclude Include="include\Th10Ai\Path.h">
      <Filter>头文件\Th10Ai</Filter>
    </ClInclude>
    <ClInclude Include="include\Th10Ai\Region.h">
      <Filter>头文件\Th10Ai</Filter>
    </ClInclude>
    <ClInclude Include="include\Th10Ai\Scene.h">
      <Filter>头文件\Th10Ai</Filter>
    </ClInclude>
    <ClInclude Include="include\Th10Ai\Th10Ai.h">
      <Filter>头文件\Th10Ai</Filter>
    </ClInclude>
    <ClInclude Include="include\Th10Ai\DllInject.h">
      <Filter>头文件\Th10Ai</Filter>
    </ClInclude>
    <ClInclude Include="include\Th10Ai\Status.h">
      <Filter>头文件\Th10Ai</Filter>
    </ClInclude>
    <ClInclude Include="include\Th10Ai\Th10Hook.h">
      <Filter>头文件\Th10Ai</Filter>
    </ClInclude>
    <ClInclude Include="include\Th10Ai\Config.h">
      <Filter>头文件\Th10Ai</Filter>
    </ClInclude>
  </ItemGroup>
  <ItemGroup>
    <Manifest Include="Th10Ai.exe.manifest">
      <Filter>资源文件</Filter>
    </Manifest>
  </ItemGroup>
</Project>