<?xml version="1.0" encoding="utf-8"?>
<Project ToolsVersion="4.0" xmlns="http://schemas.microsoft.com/developer/msbuild/2003">
  <ItemGroup>
    <Filter Include="源文件">
      <UniqueIdentifier>{4FC737F1-C7A5-4376-A066-2A32D752A2FF}</UniqueIdentifier>
      <Extensions>cpp;c;cc;cxx;def;odl;idl;hpj;bat;asm;asmx</Extensions>
    </Filter>
    <Filter Include="头文件">
      <UniqueIdentifier>{93995380-89BD-4b04-88EB-625FBE52EBFB}</UniqueIdentifier>
      <Extensions>h;hh;hpp;hxx;hm;inl;inc;ipp;xsd</Extensions>
    </Filter>
    <Filter Include="资源文件">
      <UniqueIdentifier>{67DA6AB6-F800-4c08-8B7A-83BB121AAD01}</UniqueIdentifier>
      <Extensions>rc;ico;cur;bmp;dlg;rc2;rct;bin;rgs;gif;jpg;jpeg;jpe;resx;tiff;tif;png;wav;mfcribbon-ms</Extensions>
    </Filter>
    <Filter Include="头文件\Th10Hook">
      <UniqueIdentifier>{7794c356-1e0a-4ac7-bc77-bc8eb4029fea}</UniqueIdentifier>
    </Filter>
    <Filter Include="源文件\Th10Hook">
      <UniqueIdentifier>{a361e8ab-5aec-4181-9503-ebd49a9c8bc8}</UniqueIdentifier>
    </Filter>
    <Filter Include="头文件\Th10Hook\DirectX">
      <UniqueIdentifier>{ccd05575-0972-411c-9d73-ccaa1f2156f9}</UniqueIdentifier>
    </Filter>
    <Filter Include="源文件\Th10Hook\DirectX">
      <UniqueIdentifier>{e6d17421-9c42-4fbc-b1bd-7c03e440c82b}</UniqueIdentifier>
    </Filter>
  </ItemGroup>
  <ItemGroup>
    <ClInclude Include="include\Th10Hook\Common.h">
      <Filter>头文件\Th10Hook</Filter>
    </ClInclude>
    <ClInclude Include="include\Th10Hook\DllMain.h">
      <Filter>头文件\Th10Hook</Filter>
    </ClInclude>
    <ClInclude Include="include\Th10Hook\MyDetours.h">
      <Filter>头文件\Th10Hook</Filter>
    </ClInclude>
    <ClInclude Include="include\Th10Hook\Th10Hook.h">
      <Filter>头文件\Th10Hook</Filter>
    </ClInclude>
    <ClInclude Include="include\Th10Hook\WindowHook.h">
      <Filter>头文件\Th10Hook</Filter>
    </ClInclude>
    <ClInclude Include="include\Th10Hook\SharedData.h">
      <Filter>头文件\Th10Hook</Filter>
    </ClInclude>
    <ClInclude Include="include\Th10Hook\HookMain.h">
      <Filter>头文件\Th10Hook</Filter>
    </ClInclude>
    <ClInclude Include="include\Th10Hook\Th10Types.h">
      <Filter>头文件\Th10Hook</Filter>
    </ClInclude>
    <ClInclude Include="include\Th10Hook\DllLoader.h">
      <Filter>头文件\Th10Hook</Filter>
    </ClInclude>
    <ClInclude Include="include\Th10Hook\DllFree.h">
      <Filter>头文件\Th10Hook</Filter>
    </ClInclude>
    <ClInclude Include="include\Th10Hook\DirectX\D3D9Hook.h">
      <Filter>头文件\Th10Hook\DirectX</Filter>
    </ClInclude>
    <ClInclude Include="include\Th10Hook\DirectX\DI8Hook.h">
      <Filter>头文件\Th10Hook\DirectX</Filter>
    </ClInclude>
    <ClInclude Include="include\Th10Hook\DirectX\DXResult.h">
      <Filter>头文件\Th10Hook\DirectX</Filter>
    </ClInclude>
  </ItemGroup>
  <ItemGroup>
    <ClCompile Include="src\Th10Hook\DllMain.cpp">
      <Filter>源文件\Th10Hook</Filter>
    </ClCompile>
    <ClCompile Include="src\Th10Hook\MyDetours.cpp">
      <Filter>源文件\Th10Hook</Filter>
    </ClCompile>
    <ClCompile Include="src\Th10Hook\Th10Hook.cpp">
      <Filter>源文件\Th10Hook</Filter>
    </ClCompile>
    <ClCompile Include="src\Th10Hook\WindowHook.cpp">
      <Filter>源文件\Th10Hook</Filter>
    </ClCompile>
    <ClCompile Include="src\Th10Hook\SharedData.cpp">
      <Filter>源文件\Th10Hook</Filter>
    </ClCompile>
    <ClCompile Include="src\Th10Hook\HookMain.cpp">
      <Filter>源文件\Th10Hook</Filter>
    </ClCompile>
    <ClCompile Include="src\Th10Hook\DllLoader.cpp">
      <Filter>源文件\Th10Hook</Filter>
    </ClCompile>
    <ClCompile Include="src\Th10Hook\DllFree.cpp">
      <Filter>源文件\Th10Hook</Filter>
    </ClCompile>
    <ClCompile Include="src\Th10Hook\DirectX\D3D9Hook.cpp">
      <Filter>源文件\Th10Hook\DirectX</Filter>
    </ClCompile>
    <ClCompile Include="src\Th10Hook\DirectX\DI8Hook.cpp">
      <Filter>源文件\Th10Hook\DirectX</Filter>
    </ClCompile>
    <ClCompile Include="src\Th10Hook\DirectX\DXResult.cpp">
      <Filter>源文件\Th10Hook\DirectX</Filter>
    </ClCompile>
  </ItemGroup>
</Project>