<?xml version="1.0" encoding="utf-8"?>
<Project ToolsVersion="4.0" xmlns="http://schemas.microsoft.com/developer/msbuild/2003">
  <ItemGroup>
    <Filter Include="源文件">
      <UniqueIdentifier>{4FC737F1-C7A5-4376-A066-2A32D752A2FF}</UniqueIdentifier>
      <Extensions>cpp;c;cc;cxx;c++;cppm;ixx;def;odl;idl;hpj;bat;asm;asmx</Extensions>
    </Filter>
    <Filter Include="头文件">
      <UniqueIdentifier>{93995380-89BD-4b04-88EB-625FBE52EBFB}</UniqueIdentifier>
      <Extensions>h;hh;hpp;hxx;h++;hm;inl;inc;ipp;xsd</Extensions>
    </Filter>
    <Filter Include="资源文件">
      <UniqueIdentifier>{67DA6AB6-F800-4c08-8B7A-83BB121AAD01}</UniqueIdentifier>
      <Extensions>rc;ico;cur;bmp;dlg;rc2;rct;bin;rgs;gif;jpg;jpeg;jpe;resx;tiff;tif;png;wav;mfcribbon-ms</Extensions>
    </Filter>
    <Filter Include="头文件\Th10Hook">
      <UniqueIdentifier>{d6465333-4e38-49c9-8c00-bda71983b8d4}</UniqueIdentifier>
    </Filter>
    <Filter Include="源文件\Th10Hook">
      <UniqueIdentifier>{6e1f796c-d01f-47a7-8d2d-927096d43f54}</UniqueIdentifier>
    </Filter>
    <Filter Include="头文件\Th10Hook\DirectX">
      <UniqueIdentifier>{deba2d63-1e8d-440c-9fbd-07faa97b4ca4}</UniqueIdentifier>
    </Filter>
    <Filter Include="源文件\Th10Hook\DirectX">
      <UniqueIdentifier>{c047154d-e1aa-41b0-bc19-badbbbcbf5d8}</UniqueIdentifier>
    </Filter>
  </ItemGroup>
  <ItemGroup>
    <ClInclude Include="include\Th10Hook\Bullet.h">
      <Filter>头文件\Th10Hook</Filter>
    </ClInclude>
    <ClInclude Include="include\Th10Hook\Common.h">
      <Filter>头文件\Th10Hook</Filter>
    </ClInclude>
    <ClInclude Include="include\Th10Hook\Direction.h">
      <Filter>头文件\Th10Hook</Filter>
    </ClInclude>
    <ClInclude Include="include\Th10Hook\DllMain.h">
      <Filter>头文件\Th10Hook</Filter>
    </ClInclude>
    <ClInclude Include="include\Th10Hook\Enemy.h">
      <Filter>头文件\Th10Hook</Filter>
    </ClInclude>
    <ClInclude Include="include\Th10Hook\Entity.h">
      <Filter>头文件\Th10Hook</Filter>
    </ClInclude>
    <ClInclude Include="include\Th10Hook\Item.h">
      <Filter>头文件\Th10Hook</Filter>
    </ClInclude>
    <ClInclude Include="include\Th10Hook\Laser.h">
      <Filter>头文件\Th10Hook</Filter>
    </ClInclude>
    <ClInclude Include="include\Th10Hook\MyDetours.h">
      <Filter>头文件\Th10Hook</Filter>
    </ClInclude>
    <ClInclude Include="include\Th10Hook\Path.h">
      <Filter>头文件\Th10Hook</Filter>
    </ClInclude>
    <ClInclude Include="include\Th10Hook\Player.h">
      <Filter>头文件\Th10Hook</Filter>
    </ClInclude>
    <ClInclude Include="include\Th10Hook\Point.h">
      <Filter>头文件\Th10Hook</Filter>
    </ClInclude>
    <ClInclude Include="include\Th10Hook\Rect.h">
      <Filter>头文件\Th10Hook</Filter>
    </ClInclude>
    <ClInclude Include="include\Th10Hook\Region.h">
      <Filter>头文件\Th10Hook</Filter>
    </ClInclude>
    <ClInclude Include="include\Th10Hook\Scene.h">
      <Filter>头文件\Th10Hook</Filter>
    </ClInclude>
    <ClInclude Include="include\Th10Hook\Size.h">
      <Filter>头文件\Th10Hook</Filter>
    </ClInclude>
    <ClInclude Include="include\Th10Hook\Status.h">
      <Filter>头文件\Th10Hook</Filter>
    </ClInclude>
    <ClInclude Include="include\Th10Hook\Th10Ai.h">
      <Filter>头文件\Th10Hook</Filter>
    </ClInclude>
    <ClInclude Include="include\Th10Hook\Th10Hook.h">
      <Filter>头文件\Th10Hook</Filter>
    </ClInclude>
    <ClInclude Include="include\Th10Hook\Th10Types.h">
      <Filter>头文件\Th10Hook</Filter>
    </ClInclude>
    <ClInclude Include="include\Th10Hook\Utils.h">
      <Filter>头文件\Th10Hook</Filter>
    </ClInclude>
    <ClInclude Include="include\Th10Hook\DirectX\D3D9Hook.h">
      <Filter>头文件\Th10Hook\DirectX</Filter>
    </ClInclude>
    <ClInclude Include="include\Th10Hook\DirectX\DI8Hook.h">
      <Filter>头文件\Th10Hook\DirectX</Filter>
    </ClInclude>
    <ClInclude Include="include\Th10Hook\DirectX\DXResult.h">
      <Filter>头文件\Th10Hook\DirectX</Filter>
    </ClInclude>
    <ClInclude Include="include\Th10Hook\Console.h">
      <Filter>头文件\Th10Hook</Filter>
    </ClInclude>
    <ClInclude Include="include\Th10Hook\DirectX\MyDirect3D9.h">
      <Filter>头文件\Th10Hook\DirectX</Filter>
    </ClInclude>
    <ClInclude Include="include\Th10Hook\DirectX\MyDirect3DDevice9.h">
      <Filter>头文件\Th10Hook\DirectX</Filter>
    </ClInclude>
    <ClInclude Include="include\Th10Hook\DirectX\MyDirectInput8A.h">
      <Filter>头文件\Th10Hook\DirectX</Filter>
    </ClInclude>
    <ClInclude Include="include\Th10Hook\DirectX\MyDirectInputDevice8A.h">
      <Filter>头文件\Th10Hook\DirectX</Filter>
    </ClInclude>
    <ClInclude Include="include\Th10Hook\Input.h">
      <Filter>头文件\Th10Hook</Filter>
    </ClInclude>
  </ItemGroup>
  <ItemGroup>
    <ClCompile Include="src\Th10Hook\Bullet.cpp">
      <Filter>源文件\Th10Hook</Filter>
    </ClCompile>
    <ClCompile Include="src\Th10Hook\DllMain.cpp">
      <Filter>源文件\Th10Hook</Filter>
    </ClCompile>
    <ClCompile Include="src\Th10Hook\Enemy.cpp">
      <Filter>源文件\Th10Hook</Filter>
    </ClCompile>
    <ClCompile Include="src\Th10Hook\Entity.cpp">
      <Filter>源文件\Th10Hook</Filter>
    </ClCompile>
    <ClCompile Include="src\Th10Hook\Item.cpp">
      <Filter>源文件\Th10Hook</Filter>
    </ClCompile>
    <ClCompile Include="src\Th10Hook\Laser.cpp">
      <Filter>源文件\Th10Hook</Filter>
    </ClCompile>
    <ClCompile Include="src\Th10Hook\MyDetours.cpp">
      <Filter>源文件\Th10Hook</Filter>
    </ClCompile>
    <ClCompile Include="src\Th10Hook\Path.cpp">
      <Filter>源文件\Th10Hook</Filter>
    </ClCompile>
    <ClCompile Include="src\Th10Hook\Player.cpp">
      <Filter>源文件\Th10Hook</Filter>
    </ClCompile>
    <ClCompile Include="src\Th10Hook\Region.cpp">
      <Filter>源文件\Th10Hook</Filter>
    </ClCompile>
    <ClCompile Include="src\Th10Hook\Scene.cpp">
      <Filter>源文件\Th10Hook</Filter>
    </ClCompile>
    <ClCompile Include="src\Th10Hook\Status.cpp">
      <Filter>源文件\Th10Hook</Filter>
    </ClCompile>
    <ClCompile Include="src\Th10Hook\Th10Ai.cpp">
      <Filter>源文件\Th10Hook</Filter>
    </ClCompile>
    <ClCompile Include="src\Th10Hook\Th10Hook.cpp">
      <Filter>源文件\Th10Hook</Filter>
    </ClCompile>
    <ClCompile Include="src\Th10Hook\Utils.cpp">
      <Filter>源文件\Th10Hook</Filter>
    </ClCompile>
    <ClCompile Include="src\Th10Hook\DirectX\D3D9Hook.cpp">
      <Filter>源文件\Th10Hook\DirectX</Filter>
    </ClCompile>
    <ClCompile Include="src\Th10Hook\DirectX\DI8Hook.cpp">
      <Filter>源文件\Th10Hook\DirectX</Filter>
    </ClCompile>
    <ClCompile Include="src\Th10Hook\DirectX\DXResult.cpp">
      <Filter>源文件\Th10Hook\DirectX</Filter>
    </ClCompile>
    <ClCompile Include="src\Th10Hook\Console.cpp">
      <Filter>源文件\Th10Hook</Filter>
    </ClCompile>
    <ClCompile Include="src\Th10Hook\DirectX\MyDirect3D9.cpp">
      <Filter>源文件\Th10Hook\DirectX</Filter>
    </ClCompile>
    <ClCompile Include="src\Th10Hook\DirectX\MyDirect3DDevice9.cpp">
      <Filter>源文件\Th10Hook\DirectX</Filter>
    </ClCompile>
    <ClCompile Include="src\Th10Hook\DirectX\MyDirectInput8A.cpp">
      <Filter>源文件\Th10Hook\DirectX</Filter>
    </ClCompile>
    <ClCompile Include="src\Th10Hook\DirectX\MyDirectInputDevice8A.cpp">
      <Filter>源文件\Th10Hook\DirectX</Filter>
    </ClCompile>
    <ClCompile Include="src\Th10Hook\Input.cpp">
      <Filter>源文件\Th10Hook</Filter>
    </ClCompile>
  </ItemGroup>
</Project>