<?xml version="1.0" encoding="utf-8"?>
<Project ToolsVersion="4.0" xmlns="http://schemas.microsoft.com/developer/msbuild/2003">
  <ItemGroup>
    <Filter Include="源文件">
      <UniqueIdentifier>{4FC737F1-C7A5-4376-A066-2A32D752A2FF}</UniqueIdentifier>
      <Extensions>cpp;c;cc;cxx;def;odl;idl;hpj;bat;asm;asmx</Extensions>
    </Filter>
    <Filter Include="头文件">
      <UniqueIdentifier>{93995380-89BD-4b04-88EB-625FBE52EBFB}</UniqueIdentifier>
      <Extensions>h;hh;hpp;hxx;hm;inl;inc;ipp;xsd</Extensions>
    </Filter>
    <Filter Include="资源文件">
      <UniqueIdentifier>{67DA6AB6-F800-4c08-8B7A-83BB121AAD01}</UniqueIdentifier>
      <Extensions>rc;ico;cur;bmp;dlg;rc2;rct;bin;rgs;gif;jpg;jpeg;jpe;resx;tiff;tif;png;wav;mfcribbon-ms</Extensions>
    </Filter>
    <Filter Include="源文件\TH10Bot">
      <UniqueIdentifier>{48481158-f797-4334-968a-f367e09c4440}</UniqueIdentifier>
    </Filter>
    <Filter Include="头文件\TH10Bot">
      <UniqueIdentifier>{43386360-f6d4-4168-8fb2-3c71c3e570a9}</UniqueIdentifier>
    </Filter>
    <Filter Include="头文件\TH10Bot\Entity">
      <UniqueIdentifier>{e892e951-06bf-498f-9816-e0206fd933d2}</UniqueIdentifier>
    </Filter>
    <Filter Include="源文件\TH10Bot\Entity">
      <UniqueIdentifier>{c4ab44de-b6e8-492f-91c0-6789147fa4ef}</UniqueIdentifier>
    </Filter>
  </ItemGroup>
  <ItemGroup>
    <ClInclude Include="include\TH10Bot\Clock.h">
      <Filter>头文件\TH10Bot</Filter>
    </ClInclude>
    <ClInclude Include="include\TH10Bot\Common.h">
      <Filter>头文件\TH10Bot</Filter>
    </ClInclude>
    <ClInclude Include="include\TH10Bot\DesktopCapturerCV.h">
      <Filter>头文件\TH10Bot</Filter>
    </ClInclude>
    <ClInclude Include="include\TH10Bot\DesktopImageCV.h">
      <Filter>头文件\TH10Bot</Filter>
    </ClInclude>
    <ClInclude Include="include\TH10Bot\Scene.h">
      <Filter>头文件\TH10Bot</Filter>
    </ClInclude>
    <ClInclude Include="include\TH10Bot\Mover.h">
      <Filter>头文件\TH10Bot</Filter>
    </ClInclude>
    <ClInclude Include="include\TH10Bot\Area.h">
      <Filter>头文件\TH10Bot</Filter>
    </ClInclude>
    <ClInclude Include="include\TH10Bot\Path.h">
      <Filter>头文件\TH10Bot</Filter>
    </ClInclude>
    <ClInclude Include="include\TH10Bot\Direction.h">
      <Filter>头文件\TH10Bot</Filter>
    </ClInclude>
    <ClInclude Include="include\TH10Bot\Entity\Bullet.h">
      <Filter>头文件\TH10Bot\Entity</Filter>
    </ClInclude>
    <ClInclude Include="include\TH10Bot\Entity\Enemy.h">
      <Filter>头文件\TH10Bot\Entity</Filter>
    </ClInclude>
    <ClInclude Include="include\TH10Bot\Entity\Entity.h">
      <Filter>头文件\TH10Bot\Entity</Filter>
    </ClInclude>
    <ClInclude Include="include\TH10Bot\Entity\Item.h">
      <Filter>头文件\TH10Bot\Entity</Filter>
    </ClInclude>
    <ClInclude Include="include\TH10Bot\Entity\Laser.h">
      <Filter>头文件\TH10Bot\Entity</Filter>
    </ClInclude>
    <ClInclude Include="include\TH10Bot\Entity\Player.h">
      <Filter>头文件\TH10Bot\Entity</Filter>
    </ClInclude>
    <ClInclude Include="include\TH10Bot\Th10Bot.h">
      <Filter>头文件\TH10Bot</Filter>
    </ClInclude>
    <ClInclude Include="include\TH10Bot\Th10Data.h">
      <Filter>头文件\TH10Bot</Filter>
    </ClInclude>
    <ClInclude Include="include\TH10Bot\Th10Api.h">
      <Filter>头文件\TH10Bot</Filter>
    </ClInclude>
  </ItemGroup>
  <ItemGroup>
    <ClCompile Include="src\TH10Bot\Clock.cpp">
      <Filter>源文件\TH10Bot</Filter>
    </ClCompile>
    <ClCompile Include="src\TH10Bot\main.cpp">
      <Filter>源文件\TH10Bot</Filter>
    </ClCompile>
    <ClCompile Include="src\TH10Bot\DesktopCapturerCV.cpp">
      <Filter>源文件\TH10Bot</Filter>
    </ClCompile>
    <ClCompile Include="src\TH10Bot\DesktopImageCV.cpp">
      <Filter>源文件\TH10Bot</Filter>
    </ClCompile>
    <ClCompile Include="src\TH10Bot\Scene.cpp">
      <Filter>源文件\TH10Bot</Filter>
    </ClCompile>
    <ClCompile Include="src\TH10Bot\Mover.cpp">
      <Filter>源文件\TH10Bot</Filter>
    </ClCompile>
    <ClCompile Include="src\TH10Bot\Area.cpp">
      <Filter>源文件\TH10Bot</Filter>
    </ClCompile>
    <ClCompile Include="src\TH10Bot\Path.cpp">
      <Filter>源文件\TH10Bot</Filter>
    </ClCompile>
    <ClCompile Include="src\TH10Bot\Entity\Bullet.cpp">
      <Filter>源文件\TH10Bot\Entity</Filter>
    </ClCompile>
    <ClCompile Include="src\TH10Bot\Entity\Enemy.cpp">
      <Filter>源文件\TH10Bot\Entity</Filter>
    </ClCompile>
    <ClCompile Include="src\TH10Bot\Entity\Entity.cpp">
      <Filter>源文件\TH10Bot\Entity</Filter>
    </ClCompile>
    <ClCompile Include="src\TH10Bot\Entity\Item.cpp">
      <Filter>源文件\TH10Bot\Entity</Filter>
    </ClCompile>
    <ClCompile Include="src\TH10Bot\Entity\Laser.cpp">
      <Filter>源文件\TH10Bot\Entity</Filter>
    </ClCompile>
    <ClCompile Include="src\TH10Bot\Entity\Player.cpp">
      <Filter>源文件\TH10Bot\Entity</Filter>
    </ClCompile>
    <ClCompile Include="src\TH10Bot\Th10Bot.cpp">
      <Filter>源文件\TH10Bot</Filter>
    </ClCompile>
    <ClCompile Include="src\TH10Bot\Th10Data.cpp">
      <Filter>源文件\TH10Bot</Filter>
    </ClCompile>
    <ClCompile Include="src\TH10Bot\Th10Api.cpp">
      <Filter>源文件\TH10Bot</Filter>
    </ClCompile>
  </ItemGroup>
</Project>