<?xml version="1.0" encoding="utf-8"?>
<Project ToolsVersion="4.0" xmlns="http://schemas.microsoft.com/developer/msbuild/2003">
  <ItemGroup>
    <Filter Include="源文件">
      <UniqueIdentifier>{4FC737F1-C7A5-4376-A066-2A32D752A2FF}</UniqueIdentifier>
      <Extensions>cpp;c;cc;cxx;def;odl;idl;hpj;bat;asm;asmx</Extensions>
    </Filter>
    <Filter Include="头文件">
      <UniqueIdentifier>{93995380-89BD-4b04-88EB-625FBE52EBFB}</UniqueIdentifier>
      <Extensions>h;hh;hpp;hxx;hm;inl;inc;ipp;xsd</Extensions>
    </Filter>
    <Filter Include="资源文件">
      <UniqueIdentifier>{67DA6AB6-F800-4c08-8B7A-83BB121AAD01}</UniqueIdentifier>
      <Extensions>rc;ico;cur;bmp;dlg;rc2;rct;bin;rgs;gif;jpg;jpeg;jpe;resx;tiff;tif;png;wav;mfcribbon-ms</Extensions>
    </Filter>
    <Filter Include="头文件\Base">
      <UniqueIdentifier>{77e965ac-c52d-4e39-ad85-790dbf8aa24a}</UniqueIdentifier>
    </Filter>
    <Filter Include="源文件\Base">
      <UniqueIdentifier>{c0f7e5e2-a050-4faa-bede-93bb18e5a718}</UniqueIdentifier>
    </Filter>
    <Filter Include="头文件\Base\RefCounted">
      <UniqueIdentifier>{d2f3bab7-3a9b-43e7-9341-69ff1684f383}</UniqueIdentifier>
    </Filter>
    <Filter Include="头文件\Windows">
      <UniqueIdentifier>{a2aa18e0-6c4c-4cda-9743-cfd342bf11e4}</UniqueIdentifier>
    </Filter>
    <Filter Include="源文件\Windows">
      <UniqueIdentifier>{071a9ab7-e3e3-4d9d-bf26-3589bd8a7b83}</UniqueIdentifier>
    </Filter>
    <Filter Include="源文件\Base\RefCounted">
      <UniqueIdentifier>{94b29b7c-861a-4dd6-83a2-24a2eeed024b}</UniqueIdentifier>
    </Filter>
  </ItemGroup>
  <ItemGroup>
    <ClInclude Include="include\Base\Common.h">
      <Filter>头文件\Base</Filter>
    </ClInclude>
    <ClInclude Include="include\Base\Exception.h">
      <Filter>头文件\Base</Filter>
    </ClInclude>
    <ClInclude Include="include\Base\ScopeGuard.h">
      <Filter>头文件\Base</Filter>
    </ClInclude>
    <ClInclude Include="include\Base\Singleton.h">
      <Filter>头文件\Base</Filter>
    </ClInclude>
    <ClInclude Include="include\Base\Type.h">
      <Filter>头文件\Base</Filter>
    </ClInclude>
    <ClInclude Include="include\Base\RefCounted\RefCountedObject.h">
      <Filter>头文件\Base\RefCounted</Filter>
    </ClInclude>
    <ClInclude Include="include\Base\RefCounted\RefCounted.h">
      <Filter>头文件\Base\RefCounted</Filter>
    </ClInclude>
    <ClInclude Include="include\Base\RefCounted\rp.h">
      <Filter>头文件\Base\RefCounted</Filter>
    </ClInclude>
    <ClInclude Include="include\Base\RefCounted\sp.h">
      <Filter>头文件\Base\RefCounted</Filter>
    </ClInclude>
    <ClInclude Include="include\Base\RefCounted\wp.h">
      <Filter>头文件\Base\RefCounted</Filter>
    </ClInclude>
    <ClInclude Include="include\Windows\Common.h">
      <Filter>头文件\Windows</Filter>
    </ClInclude>
    <ClInclude Include="include\Windows\Process.h">
      <Filter>头文件\Windows</Filter>
    </ClInclude>
    <ClInclude Include="include\Windows\Window.h">
      <Filter>头文件\Windows</Filter>
    </ClInclude>
    <ClInclude Include="include\Windows\Util.h">
      <Filter>头文件\Windows</Filter>
    </ClInclude>
    <ClInclude Include="include\Windows\Thread.h">
      <Filter>头文件\Windows</Filter>
    </ClInclude>
    <ClInclude Include="include\Windows\Point.h">
      <Filter>头文件\Windows</Filter>
    </ClInclude>
    <ClInclude Include="include\Windows\Rect.h">
      <Filter>头文件\Windows</Filter>
    </ClInclude>
    <ClInclude Include="include\Windows\Size.h">
      <Filter>头文件\Windows</Filter>
    </ClInclude>
  </ItemGroup>
  <ItemGroup>
    <ClCompile Include="src\Base\Exception.cpp">
      <Filter>源文件\Base</Filter>
    </ClCompile>
    <ClCompile Include="src\Windows\Process.cpp">
      <Filter>源文件\Windows</Filter>
    </ClCompile>
    <ClCompile Include="src\Windows\Window.cpp">
      <Filter>源文件\Windows</Filter>
    </ClCompile>
    <ClCompile Include="src\Windows\Util.cpp">
      <Filter>源文件\Windows</Filter>
    </ClCompile>
    <ClCompile Include="src\Base\RefCounted\RefCountedObject.cpp">
      <Filter>源文件\Base\RefCounted</Filter>
    </ClCompile>
    <ClCompile Include="src\Windows\Thread.cpp">
      <Filter>源文件\Windows</Filter>
    </ClCompile>
  </ItemGroup>
</Project>