<?xml version="1.0" encoding="utf-8"?>
<Project ToolsVersion="4.0" xmlns="http://schemas.microsoft.com/developer/msbuild/2003">
  <ItemGroup>
    <Filter Include="源文件">
      <UniqueIdentifier>{4FC737F1-C7A5-4376-A066-2A32D752A2FF}</UniqueIdentifier>
      <Extensions>cpp;c;cc;cxx;c++;def;odl;idl;hpj;bat;asm;asmx</Extensions>
    </Filter>
    <Filter Include="头文件">
      <UniqueIdentifier>{93995380-89BD-4b04-88EB-625FBE52EBFB}</UniqueIdentifier>
      <Extensions>h;hh;hpp;hxx;h++;hm;inl;inc;ipp;xsd</Extensions>
    </Filter>
    <Filter Include="资源文件">
      <UniqueIdentifier>{67DA6AB6-F800-4c08-8B7A-83BB121AAD01}</UniqueIdentifier>
      <Extensions>rc;ico;cur;bmp;dlg;rc2;rct;bin;rgs;gif;jpg;jpeg;jpe;resx;tiff;tif;png;wav;mfcribbon-ms</Extensions>
    </Filter>
    <Filter Include="头文件\Base">
      <UniqueIdentifier>{396e1344-9791-45aa-a425-a7cc38b0b9ed}</UniqueIdentifier>
    </Filter>
    <Filter Include="源文件\Base">
      <UniqueIdentifier>{b09cd9e5-b15e-4f38-8263-eac9cbfb716a}</UniqueIdentifier>
    </Filter>
    <Filter Include="头文件\Windows">
      <UniqueIdentifier>{a1d94271-bd49-409b-a94c-ea7cc77a65c8}</UniqueIdentifier>
    </Filter>
    <Filter Include="源文件\Windows">
      <UniqueIdentifier>{27e5f571-77c9-4fac-8a3b-3ce012b3f5c9}</UniqueIdentifier>
    </Filter>
  </ItemGroup>
  <ItemGroup>
    <ClInclude Include="include\Base\Common.h">
      <Filter>头文件\Base</Filter>
    </ClInclude>
    <ClInclude Include="include\Base\Exception.h">
      <Filter>头文件\Base</Filter>
    </ClInclude>
    <ClInclude Include="include\Base\Object.h">
      <Filter>头文件\Base</Filter>
    </ClInclude>
    <ClInclude Include="include\Base\RefCounted.h">
      <Filter>头文件\Base</Filter>
    </ClInclude>
    <ClInclude Include="include\Base\ScopeGuard.h">
      <Filter>头文件\Base</Filter>
    </ClInclude>
    <ClInclude Include="include\Base\Singleton.h">
      <Filter>头文件\Base</Filter>
    </ClInclude>
    <ClInclude Include="include\Base\SourceLocation.h">
      <Filter>头文件\Base</Filter>
    </ClInclude>
    <ClInclude Include="include\Base\StrongPtr.h">
      <Filter>头文件\Base</Filter>
    </ClInclude>
    <ClInclude Include="include\Base\Types.h">
      <Filter>头文件\Base</Filter>
    </ClInclude>
    <ClInclude Include="include\Base\TypeTraits.h">
      <Filter>头文件\Base</Filter>
    </ClInclude>
    <ClInclude Include="include\Base\WeakPtr.h">
      <Filter>头文件\Base</Filter>
    </ClInclude>
    <ClInclude Include="include\Windows\Common.h">
      <Filter>头文件\Windows</Filter>
    </ClInclude>
    <ClInclude Include="include\Windows\WindowsError.h">
      <Filter>头文件\Windows</Filter>
    </ClInclude>
    <ClInclude Include="include\Base\String.h">
      <Filter>头文件\Base</Filter>
    </ClInclude>
    <ClInclude Include="include\Windows\DxResult.h">
      <Filter>头文件\Windows</Filter>
    </ClInclude>
    <ClInclude Include="include\Windows\Types.h">
      <Filter>头文件\Windows</Filter>
    </ClInclude>
    <ClInclude Include="include\Base\Logger.h">
      <Filter>头文件\Base</Filter>
    </ClInclude>
    <ClInclude Include="include\Windows\Apis.h">
      <Filter>头文件\Windows</Filter>
    </ClInclude>
    <ClInclude Include="include\Base\Clock.h">
      <Filter>头文件\Base</Filter>
    </ClInclude>
    <ClInclude Include="include\Base\Point.h">
      <Filter>头文件\Base</Filter>
    </ClInclude>
    <ClInclude Include="include\Base\Rect.h">
      <Filter>头文件\Base</Filter>
    </ClInclude>
    <ClInclude Include="include\Base\Size.h">
      <Filter>头文件\Base</Filter>
    </ClInclude>
    <ClInclude Include="include\Base\Enum.h">
      <Filter>头文件\Base</Filter>
    </ClInclude>
  </ItemGroup>
  <ItemGroup>
    <ClCompile Include="src\Base\Exception.cpp">
      <Filter>源文件\Base</Filter>
    </ClCompile>
    <ClCompile Include="src\Base\Object.cpp">
      <Filter>源文件\Base</Filter>
    </ClCompile>
    <ClCompile Include="src\Base\RefCounted.cpp">
      <Filter>源文件\Base</Filter>
    </ClCompile>
    <ClCompile Include="src\Base\SourceLocation.cpp">
      <Filter>源文件\Base</Filter>
    </ClCompile>
    <ClCompile Include="src\Windows\WindowsError.cpp">
      <Filter>源文件\Windows</Filter>
    </ClCompile>
    <ClCompile Include="src\Base\String.cpp">
      <Filter>源文件\Base</Filter>
    </ClCompile>
    <ClCompile Include="src\Windows\DxResult.cpp">
      <Filter>源文件\Windows</Filter>
    </ClCompile>
    <ClCompile Include="src\Base\Logger.cpp">
      <Filter>源文件\Base</Filter>
    </ClCompile>
    <ClCompile Include="src\Windows\Apis.cpp">
      <Filter>源文件\Windows</Filter>
    </ClCompile>
    <ClCompile Include="src\Base\Clock.cpp">
      <Filter>源文件\Base</Filter>
    </ClCompile>
  </ItemGroup>
</Project>